
Microsoft Visual Studio Solution File, Format Version 12.00
# Visual Studio 2012
Project("{f2a71f9b-5d33-465a-a702-920d77279786}") = "kevoree-dotnet-model-generator", "kevoree-dotnet-model-generator.fsproj", "{52014574-5F67-43A2-A8CB-74460FA42336}"
EndProject
Project("{FAE04EC0-301F-11D3-BF4B-00C04F79EFBC}") = "Annotation", "..\kevoree-dotnet-annotation\Annotation.csproj", "{AD3C2F49-5C3B-46D3-A283-600FE11A0AA1}"
EndProject
Project("{FAE04EC0-301F-11D3-BF4B-00C04F79EFBC}") = "kevoree-dotnet-model-generator2", "..\kevoree-dotnet-model-generator2\kevoree-dotnet-model-generator2.csproj", "{B3936215-BADF-4DB5-9DA1-5B735F5ED40F}"
EndProject
Global
	GlobalSection(SolutionConfigurationPlatforms) = preSolution
		Debug|Any CPU = Debug|Any CPU
		Release|Any CPU = Release|Any CPU
	EndGlobalSection
	GlobalSection(ProjectConfigurationPlatforms) = postSolution
		{52014574-5F67-43A2-A8CB-74460FA42336}.Debug|Any CPU.ActiveCfg = Debug|Any CPU
		{52014574-5F67-43A2-A8CB-74460FA42336}.Debug|Any CPU.Build.0 = Debug|Any CPU
		{52014574-5F67-43A2-A8CB-74460FA42336}.Release|Any CPU.ActiveCfg = Release|Any CPU
		{52014574-5F67-43A2-A8CB-74460FA42336}.Release|Any CPU.Build.0 = Release|Any CPU
		{AD3C2F49-5C3B-46D3-A283-600FE11A0AA1}.Debug|Any CPU.ActiveCfg = Debug|Any CPU
		{AD3C2F49-5C3B-46D3-A283-600FE11A0AA1}.Debug|Any CPU.Build.0 = Debug|Any CPU
		{AD3C2F49-5C3B-46D3-A283-600FE11A0AA1}.Release|Any CPU.ActiveCfg = Release|Any CPU
		{AD3C2F49-5C3B-46D3-A283-600FE11A0AA1}.Release|Any CPU.Build.0 = Release|Any CPU
		{B3936215-BADF-4DB5-9DA1-5B735F5ED40F}.Debug|Any CPU.ActiveCfg = Debug|Any CPU
		{B3936215-BADF-4DB5-9DA1-5B735F5ED40F}.Debug|Any CPU.Build.0 = Debug|Any CPU
		{B3936215-BADF-4DB5-9DA1-5B735F5ED40F}.Release|Any CPU.ActiveCfg = Release|Any CPU
		{B3936215-BADF-4DB5-9DA1-5B735F5ED40F}.Release|Any CPU.Build.0 = Release|Any CPU
	EndGlobalSection
EndGlobal
